
Microsoft Visual Studio Solution File, Format Version 12.00
# Visual Studio Version 17
VisualStudioVersion = 17.14.36811.4 d17.14
MinimumVisualStudioVersion = 10.0.40219.1
Project("{FAE04EC0-301F-11D3-BF4B-00C04F79EFBC}") = "ReadWriteNoRush", "ReadWriteNoRush\ReadWriteNoRush.csproj", "{F80F9440-8AAA-41C2-982C-C7B8FDC77AEC}"
EndProject
Global
	GlobalSection(SolutionConfigurationPlatforms) = preSolution
		Debug|Any CPU = Debug|Any CPU
		Release|Any CPU = Release|Any CPU
	EndGlobalSection
	GlobalSection(ProjectConfigurationPlatforms) = postSolution
		{F80F9440-8AAA-41C2-982C-C7B8FDC77AEC}.Debug|Any CPU.ActiveCfg = Debug|Any CPU
		{F80F9440-8AAA-41C2-982C-C7B8FDC77AEC}.Debug|Any CPU.Build.0 = Debug|Any CPU
		{F80F9440-8AAA-41C2-982C-C7B8FDC77AEC}.Release|Any CPU.ActiveCfg = Release|Any CPU
		{F80F9440-8AAA-41C2-982C-C7B8FDC77AEC}.Release|Any CPU.Build.0 = Release|Any CPU
	EndGlobalSection
	GlobalSection(SolutionProperties) = preSolution
		HideSolutionNode = FALSE
	EndGlobalSection
	GlobalSection(ExtensibilityGlobals) = postSolution
		SolutionGuid = {009341B4-1821-40EC-BEF8-51B28288EEBF}
	EndGlobalSection
EndGlobal
